# THIS IS AN AUTOGENERATED FILE. DO NOT EDIT THIS FILE DIRECTLY.
# yarn lockfile v1


"@expo/browser-polyfill@^1.0.0":
  version "1.0.0"
  resolved "https://registry.yarnpkg.com/@expo/browser-polyfill/-/browser-polyfill-1.0.0.tgz#2d93ae0feb3ccc90b78a98f277f8f8ed8bcbd37d"
  integrity sha512-hwlfansWtt1F/ZUitu6vrGRF5Th2LhBn2HHPxvz3U/MFxKG5XI4TA6SM1bJW2Q2iR2bsIddzz1nNwcf0Sjg1hA==
  dependencies:
    expo-2d-context "^0.0.3"
    fbemitter "^2.1.1"
    text-encoding "^0.7.0"
    uuid "^8.3.2"
    xmldom-qsa "^1.0.3"

adaptive-bezier-curve@1.0.3:
  version "1.0.3"
  resolved "https://registry.yarnpkg.com/adaptive-bezier-curve/-/adaptive-bezier-curve-1.0.3.tgz#477577abe87d7280d46ca41649f6c22646fe8227"

adaptive-quadratic-curve@1.0.2:
  version "1.0.2"
  resolved "https://registry.yarnpkg.com/adaptive-quadratic-curve/-/adaptive-quadratic-curve-1.0.2.tgz#65b4190fc5711698d24f0ae7bd5fea6cda90010d"

asap@~2.0.3:
  version "2.0.6"
  resolved "https://registry.yarnpkg.com/asap/-/asap-2.0.6.tgz#e50347611d7e690943208bbdafebcbc2fb866d46"
  integrity sha1-5QNHYR1+aQlDIIu9r+vLwvuGbUY=

color-convert@^1.9.3:
  version "1.9.3"
  resolved "https://registry.yarnpkg.com/color-convert/-/color-convert-1.9.3.tgz#bb71850690e1f136567de629d2d5471deda4c1e8"
  integrity sha512-QfAUtd+vFdAtFQcC8CCyYt1fYWxSqAiK2cSD6zDB8N3cpsEBAvRxp9zOGg6G/SHHJYAT88/az/IuDGALsNVbGg==
  dependencies:
    color-name "1.1.3"

color-name@1.1.3:
  version "1.1.3"
  resolved "https://registry.yarnpkg.com/color-name/-/color-name-1.1.3.tgz#a7d0558bd89c42f795dd42328f740831ca53bc25"
  integrity sha1-p9BVi9icQveV3UIyj3QIMcpTvCU=

core-js@^1.0.0:
  version "1.2.7"
  resolved "https://registry.yarnpkg.com/core-js/-/core-js-1.2.7.tgz#652294c14651db28fa93bd2d5ff2983a4f08c636"
  integrity sha1-ZSKUwUZR2yj6k70tX/KYOk8IxjY=

css-font-parser@0.2.3:
  version "0.2.3"
  resolved "https://registry.yarnpkg.com/css-font-parser/-/css-font-parser-0.2.3.tgz#9a391d2e47086be5401e47274e687ec06e238c0e"
  integrity sha512-QhdfNV+RjQLVg24d/ls4I8UrA/5WCeEfUmi1je8ISPr7RGZJXwWU2AwZpCiUmWuLZW7dKaB3ER0Bq1W9UhEUag==

domexception@1.0.1:
  version "1.0.1"
  resolved "https://registry.yarnpkg.com/domexception/-/domexception-1.0.1.tgz#937442644ca6a31261ef36e3ec677fe805582c90"
  integrity sha512-raigMkn7CJNNo6Ihro1fzG7wr3fHuYVytzquZKX5n0yizGsTcYgzdIUwj1X9pK0VvjeihV+XiclP+DjwbsSKug==
  dependencies:
    webidl-conversions "^4.0.2"

earcut@2.1.1:
  version "2.1.1"
  resolved "https://registry.yarnpkg.com/earcut/-/earcut-2.1.1.tgz#157634e5f3ebb42224e475016e86a5b6ce556b45"
  integrity sha1-FXY05fPrtCIk5HUBboalts5Va0U=

encoding@^0.1.11:
  version "0.1.13"
  resolved "https://registry.yarnpkg.com/encoding/-/encoding-0.1.13.tgz#56574afdd791f54a8e9b2785c0582a2d26210fa9"
  integrity sha512-ETBauow1T35Y/WZMkio9jiM0Z5xjHHmJ4XmjZOq1l/dXz3lr2sRn87nJy20RupqSh1F2m3HHPSp8ShIPQJrJ3A==
  dependencies:
    iconv-lite "^0.6.2"

expo-2d-context@^0.0.3:
  version "0.0.3"
  resolved "https://registry.yarnpkg.com/expo-2d-context/-/expo-2d-context-0.0.3.tgz#6b307c34993ad9d789ead37b6b5922c7fde8d458"
  integrity sha512-loO/cIj5owNXv0GJxEQ7Sm1vlGOYoJwHCaf2uiPKG3BZm+gQw6GnDgxN+2WDisNZKLTjnMLUGP1HhBsNnElt6g==
  dependencies:
    adaptive-bezier-curve "1.0.3"
    adaptive-quadratic-curve "1.0.2"
    color-convert "^1.9.3"
    css-font-parser "0.2.3"
    domexception "1.0.1"
    earcut "2.1.1"
    gl-matrix "^2.4.0"
    parse-bmfont-ascii "1.0.6"
    string-format "0.5.0"
    tess2 "^1.0.0"

fbemitter@^2.1.1:
  version "2.1.1"
  resolved "https://registry.yarnpkg.com/fbemitter/-/fbemitter-2.1.1.tgz#523e14fdaf5248805bb02f62efc33be703f51865"
  integrity sha1-Uj4U/a9SSIBbsC9i78M75wP1GGU=
  dependencies:
    fbjs "^0.8.4"

fbjs@^0.8.4:
  version "0.8.18"
  resolved "https://registry.yarnpkg.com/fbjs/-/fbjs-0.8.18.tgz#9835e0addb9aca2eff53295cd79ca1cfc7c9662a"
  integrity sha512-EQaWFK+fEPSoibjNy8IxUtaFOMXcWsY0JaVrQoZR9zC8N2Ygf9iDITPWjUTVIax95b6I742JFLqASHfsag/vKA==
  dependencies:
    core-js "^1.0.0"
    isomorphic-fetch "^2.1.1"
    loose-envify "^1.0.0"
    object-assign "^4.1.0"
    promise "^7.1.1"
    setimmediate "^1.0.5"
    ua-parser-js "^0.7.30"

gl-matrix@^2.4.0:
  version "2.8.1"
  resolved "https://registry.yarnpkg.com/gl-matrix/-/gl-matrix-2.8.1.tgz#1c7873448eac61d2cd25803a074e837bd42581a3"
  integrity sha512-0YCjVpE3pS5XWlN3J4X7AiAx65+nqAI54LndtVFnQZB6G/FVLkZH8y8V6R3cIoOQR4pUdfwQGd1iwyoXHJ4Qfw==

iconv-lite@^0.6.2:
  version "0.6.3"
  resolved "https://registry.yarnpkg.com/iconv-lite/-/iconv-lite-0.6.3.tgz#a52f80bf38da1952eb5c681790719871a1a72501"
  integrity sha512-4fCk79wshMdzMp2rH06qWrJE4iolqLhCUH+OiuIgU++RB0+94NlDL81atO7GX55uUKueo0txHNtvEyI6D7WdMw==
  dependencies:
    safer-buffer ">= 2.1.2 < 3.0.0"

is-stream@^1.0.1:
  version "1.1.0"
  resolved "https://registry.yarnpkg.com/is-stream/-/is-stream-1.1.0.tgz#12d4a3dd4e68e0b79ceb8dbc84173ae80d91ca44"
  integrity sha1-EtSj3U5o4Lec6428hBc66A2RykQ=

isomorphic-fetch@^2.1.1:
  version "2.2.1"
  resolved "https://registry.yarnpkg.com/isomorphic-fetch/-/isomorphic-fetch-2.2.1.tgz#611ae1acf14f5e81f729507472819fe9733558a9"
  integrity sha1-YRrhrPFPXoH3KVB0coGf6XM1WKk=
  dependencies:
    node-fetch "^1.0.1"
    whatwg-fetch ">=0.10.0"

js-tokens@^3.0.0:
  version "3.0.2"
  resolved "https://registry.yarnpkg.com/js-tokens/-/js-tokens-3.0.2.tgz#9866df395102130e38f7f996bceb65443209c25b"

loose-envify@^1.0.0:
  version "1.3.1"
  resolved "https://registry.yarnpkg.com/loose-envify/-/loose-envify-1.3.1.tgz#d1a8ad33fa9ce0e713d65fdd0ac8b748d478c848"
  dependencies:
    js-tokens "^3.0.0"

node-fetch@^1.0.1:
  version "1.7.3"
  resolved "https://registry.yarnpkg.com/node-fetch/-/node-fetch-1.7.3.tgz#980f6f72d85211a5347c6b2bc18c5b84c3eb47ef"
  integrity sha512-NhZ4CsKx7cYm2vSrBAr2PvFOe6sWDf0UYLRqA6svUYg7+/TSfVAu49jYC4BvQ4Sms9SZgdqGBgroqfDhJdTyKQ==
  dependencies:
    encoding "^0.1.11"
    is-stream "^1.0.1"

nwmatcher@^1.4.1:
  version "1.4.3"
  resolved "https://registry.yarnpkg.com/nwmatcher/-/nwmatcher-1.4.3.tgz#64348e3b3d80f035b40ac11563d278f8b72db89c"

object-assign@^4.1.0:
  version "4.1.1"
  resolved "https://registry.yarnpkg.com/object-assign/-/object-assign-4.1.1.tgz#2109adc7965887cfc05cbbd442cac8bfbb360863"

parse-bmfont-ascii@1.0.6:
  version "1.0.6"
  resolved "https://registry.yarnpkg.com/parse-bmfont-ascii/-/parse-bmfont-ascii-1.0.6.tgz#11ac3c3ff58f7c2020ab22769079108d4dfa0285"
  integrity sha1-Eaw8P/WPfCAgqyJ2kHkQjU36AoU=

phaser-ce@^2.9.4:
  version "2.10.0"
  resolved "https://registry.yarnpkg.com/phaser-ce/-/phaser-ce-2.10.0.tgz#cff278df9257b7e4f50a60ccd5644168a11ca88c"

promise@^7.1.1:
  version "7.3.1"
  resolved "https://registry.yarnpkg.com/promise/-/promise-7.3.1.tgz#064b72602b18f90f29192b8b1bc418ffd1ebd3bf"
  integrity sha512-nolQXZ/4L+bP/UGlkfaIujX9BKxGwmQ9OT4mOt5yvy8iK1h3wqTEJCijzGANTCCl9nWjY41juyAn2K3Q1hLLTg==
  dependencies:
    asap "~2.0.3"

"safer-buffer@>= 2.1.2 < 3.0.0":
  version "2.1.2"
  resolved "https://registry.yarnpkg.com/safer-buffer/-/safer-buffer-2.1.2.tgz#44fa161b0187b9549dd84bb91802f9bd8385cd6a"
  integrity sha512-YZo3K82SD7Riyi0E1EQPojLz7kpepnSQI9IyPbHHg1XXXevb5dJI7tpyN2ADxGcQbHG7vcyRHk0cbwqcQriUtg==

setimmediate@^1.0.5:
  version "1.0.5"
  resolved "https://registry.yarnpkg.com/setimmediate/-/setimmediate-1.0.5.tgz#290cbb232e306942d7d7ea9b83732ab7856f8285"
  integrity sha1-KQy7Iy4waULX1+qbg3Mqt4VvgoU=

string-format@0.5.0:
  version "0.5.0"
  resolved "https://registry.yarnpkg.com/string-format/-/string-format-0.5.0.tgz#bfc4a69a250f17f273d97336797daf5dca6ecf30"

tess2@^1.0.0:
  version "1.0.0"
  resolved "https://registry.yarnpkg.com/tess2/-/tess2-1.0.0.tgz#2e2eb21822294061b83d46cbaefdd09d86ddf593"
  integrity sha1-Li6yGCIpQGG4PUbLrv3QnYbd9ZM=

text-encoding@^0.7.0:
  version "0.7.0"
  resolved "https://registry.yarnpkg.com/text-encoding/-/text-encoding-0.7.0.tgz#f895e836e45990624086601798ea98e8f36ee643"
  integrity sha512-oJQ3f1hrOnbRLOcwKz0Liq2IcrvDeZRHXhd9RgLrsT+DjWY/nty1Hi7v3dtkaEYbPYe0mUoOfzRrMwfXXwgPUA==

ua-parser-js@^0.7.30:
  version "0.7.31"
  resolved "https://registry.yarnpkg.com/ua-parser-js/-/ua-parser-js-0.7.31.tgz#649a656b191dffab4f21d5e053e27ca17cbff5c6"
  integrity sha512-qLK/Xe9E2uzmYI3qLeOmI0tEOt+TBBQyUIAh4aAgU05FVYzeZrKUdkAZfBNVGRaHVgV0TDkdEngJSw/SyQchkQ==

uuid@^8.3.2:
  version "8.3.2"
  resolved "https://registry.yarnpkg.com/uuid/-/uuid-8.3.2.tgz#80d5b5ced271bb9af6c445f21a1a04c606cefbe2"
  integrity sha512-+NYs2QeMWy+GWFOEm9xnn6HCDp0l7QBD7ml8zLUmJ+93Q5NF0NocErnwkTkXVFNiX3/fpC6afS8Dhb/gz7R7eg==

webidl-conversions@^4.0.2:
  version "4.0.2"
  resolved "https://registry.yarnpkg.com/webidl-conversions/-/webidl-conversions-4.0.2.tgz#a855980b1f0b6b359ba1d5d9fb39ae941faa63ad"
  integrity sha512-YQ+BmxuTgd6UXZW3+ICGfyqRyHXVlD5GtQr5+qjiNW7bF0cqrzX500HVXPBOvgXb5YnzDd+h0zqyv61KUD7+Sg==

whatwg-fetch@>=0.10.0:
  version "3.6.2"
  resolved "https://registry.yarnpkg.com/whatwg-fetch/-/whatwg-fetch-3.6.2.tgz#dced24f37f2624ed0281725d51d0e2e3fe677f8c"
  integrity sha512-bJlen0FcuU/0EMLrdbJ7zOnW6ITZLrZMIarMUVmdKtsGvZna8vxKYaexICWPfZ8qwf9fzNq+UEIZrnSaApt6RA==

xmldom-qsa@^1.0.3:
  version "1.0.3"
  resolved "https://registry.yarnpkg.com/xmldom-qsa/-/xmldom-qsa-1.0.3.tgz#3b70a440997982aa323f911a8b8c3c7db6a6ff1f"
  dependencies:
    nwmatcher "^1.4.1"
